<Solution>
  <Folder Name="/common/">
    <Project Path="ProjectRecord.Common/ProjectRecord.Common.csproj" />
    <Project Path="ProjectRecord.Models/ProjectRecord.Models.csproj" />
  </Folder>
  <Folder Name="/modules/">
    <Project Path="NavigationModules/NavigationModules.csproj" />
  </Folder>
  <Folder Name="/src/">
    <Project Path="ProjectRecord.Startup/ProjectRecord.Startup.csproj" />
  </Folder>
</Solution>
